
Microsoft Visual Studio Solution File, Format Version 12.00
# Visual Studio Version 16
VisualStudioVersion = 16.0.29806.167
MinimumVisualStudioVersion = 10.0.40219.1
Project("{FAE04EC0-301F-11D3-BF4B-00C04F79EFBC}") = "NorthwindApi.DataAccess", "NorthwindApi.DataAccess\NorthwindApi.DataAccess.csproj", "{0A898F8A-FED3-4DED-AD82-E6F91D7EE3E2}"
EndProject
Project("{FAE04EC0-301F-11D3-BF4B-00C04F79EFBC}") = "Northwind.Entities", "Northwind.Entities\Northwind.Entities.csproj", "{300BD2C5-7B65-4118-8955-2E7E52458A4A}"
EndProject
Project("{FAE04EC0-301F-11D3-BF4B-00C04F79EFBC}") = "Northwind.Api", "Northwind.Api\Northwind.Api.csproj", "{2D8EAC19-2681-4090-939F-344D6DC67C20}"
EndProject
Global
	GlobalSection(SolutionConfigurationPlatforms) = preSolution
		Debug|Any CPU = Debug|Any CPU
		Release|Any CPU = Release|Any CPU
	EndGlobalSection
	GlobalSection(ProjectConfigurationPlatforms) = postSolution
		{0A898F8A-FED3-4DED-AD82-E6F91D7EE3E2}.Debug|Any CPU.ActiveCfg = Debug|Any CPU
		{0A898F8A-FED3-4DED-AD82-E6F91D7EE3E2}.Debug|Any CPU.Build.0 = Debug|Any CPU
		{0A898F8A-FED3-4DED-AD82-E6F91D7EE3E2}.Release|Any CPU.ActiveCfg = Release|Any CPU
		{0A898F8A-FED3-4DED-AD82-E6F91D7EE3E2}.Release|Any CPU.Build.0 = Release|Any CPU
		{300BD2C5-7B65-4118-8955-2E7E52458A4A}.Debug|Any CPU.ActiveCfg = Debug|Any CPU
		{300BD2C5-7B65-4118-8955-2E7E52458A4A}.Debug|Any CPU.Build.0 = Debug|Any CPU
		{300BD2C5-7B65-4118-8955-2E7E52458A4A}.Release|Any CPU.ActiveCfg = Release|Any CPU
		{300BD2C5-7B65-4118-8955-2E7E52458A4A}.Release|Any CPU.Build.0 = Release|Any CPU
		{2D8EAC19-2681-4090-939F-344D6DC67C20}.Debug|Any CPU.ActiveCfg = Debug|Any CPU
		{2D8EAC19-2681-4090-939F-344D6DC67C20}.Debug|Any CPU.Build.0 = Debug|Any CPU
		{2D8EAC19-2681-4090-939F-344D6DC67C20}.Release|Any CPU.ActiveCfg = Release|Any CPU
		{2D8EAC19-2681-4090-939F-344D6DC67C20}.Release|Any CPU.Build.0 = Release|Any CPU
	EndGlobalSection
	GlobalSection(SolutionProperties) = preSolution
		HideSolutionNode = FALSE
	EndGlobalSection
	GlobalSection(ExtensibilityGlobals) = postSolution
		SolutionGuid = {30B93BB1-850B-4506-984D-A06F155ADAE5}
	EndGlobalSection
EndGlobal
